
Microsoft Visual Studio Solution File, Format Version 12.00
# Visual Studio Version 17
VisualStudioVersion = 17.6.33801.468
MinimumVisualStudioVersion = 10.0.40219.1
Project("{FAE04EC0-301F-11D3-BF4B-00C04F79EFBC}") = "Esercizio-3-.NET", "Esercizio-3-.NET\Esercizio-3-.NET.csproj", "{962E3A9D-312E-42B7-9598-4DCAC7D81462}"
EndProject
Global
	GlobalSection(SolutionConfigurationPlatforms) = preSolution
		Debug|Any CPU = Debug|Any CPU
		Release|Any CPU = Release|Any CPU
	EndGlobalSection
	GlobalSection(ProjectConfigurationPlatforms) = postSolution
		{962E3A9D-312E-42B7-9598-4DCAC7D81462}.Debug|Any CPU.ActiveCfg = Debug|Any CPU
		{962E3A9D-312E-42B7-9598-4DCAC7D81462}.Debug|Any CPU.Build.0 = Debug|Any CPU
		{962E3A9D-312E-42B7-9598-4DCAC7D81462}.Release|Any CPU.ActiveCfg = Release|Any CPU
		{962E3A9D-312E-42B7-9598-4DCAC7D81462}.Release|Any CPU.Build.0 = Release|Any CPU
	EndGlobalSection
	GlobalSection(SolutionProperties) = preSolution
		HideSolutionNode = FALSE
	EndGlobalSection
	GlobalSection(ExtensibilityGlobals) = postSolution
		SolutionGuid = {14535537-1DAD-4D65-B0C8-8DB284B7EB1C}
	EndGlobalSection
EndGlobal
